// !$*UTF8*$!
{
	archiveVersion = 1;
	classes = {
	};
	objectVersion = 77;
	objects = {

/* Begin PBXContainerItemProxy section */
		2A3BD0B72DFA143C00131A30 /* PBXContainerItemProxy */ = {
			isa = PBXContainerItemProxy;
			containerPortal = 2A3BD0A02DFA143B00131A30 /* Project object */;
			proxyType = 1;
			remoteGlobalIDString = 2A3BD0A72DFA143B00131A30;
			remoteInfo = iPhoneVideoDownloader;
		};
		2A3BD0C12DFA143D00131A30 /* PBXContainerItemProxy */ = {
			isa = PBXContainerItemProxy;
			containerPortal = 2A3BD0A02DFA143B00131A30 /* Project object */;
			proxyType = 1;
			remoteGlobalIDString = 2A3BD0A72DFA143B00131A30;
			remoteInfo = iPhoneVideoDownloader;
		};
/* End PBXContainerItemProxy section */

/* Begin PBXFileReference section */
		2A3BD0A82DFA143B00131A30 /* iPhoneVideoDownloader.app */ = {isa = PBXFileReference; explicitFileType = wrapper.application; includeInIndex = 0; path = iPhoneVideoDownloader.app; sourceTree = BUILT_PRODUCTS_DIR; };
		2A3BD0B62DFA143C00131A30 /* iPhoneVideoDownloaderTests.xctest */ = {isa = PBXFileReference; explicitFileType = wrapper.cfbundle; includeInIndex = 0; path = iPhoneVideoDownloaderTests.xctest; sourceTree = BUILT_PRODUCTS_DIR; };
		2A3BD0C02DFA143D00131A30 /* iPhoneVideoDownloaderUITests.xctest */ = {isa = PBXFileReference; explicitFileType = wrapper.cfbundle; includeInIndex = 0; path = iPhoneVideoDownloaderUITests.xctest; sourceTree = BUILT_PRODUCTS_DIR; };
/* End PBXFileReference section */

/* Begin PBXFileSystemSynchronizedRootGroup section */
		2A3BD0AA2DFA143B00131A30 /* iPhoneVideoDownloader */ = {
			isa = PBXFileSystemSynchronizedRootGroup;
			path = iPhoneVideoDownloader;
			sourceTree = "<group>";
		};
		2A3BD0B92DFA143C00131A30 /* iPhoneVideoDownloaderTests */ = {
			isa = PBXFileSystemSynchronizedRootGroup;
			path = iPhoneVideoDownloaderTests;
			sourceTree = "<group>";
		};
		2A3BD0C32DFA143D00131A30 /* iPhoneVideoDownloaderUITests */ = {
			isa = PBXFileSystemSynchronizedRootGroup;
			path = iPhoneVideoDownloaderUITests;
			sourceTree = "<group>";
		};
/* End PBXFileSystemSynchronizedRootGroup section */

/* Begin PBXFrameworksBuildPhase section */
		2A3BD0A52DFA143B00131A30 /* Frameworks */ = {
			isa = PBXFrameworksBuildPhase;
			buildActionMask = 2147483647;
			files = (
			);
			runOnlyForDeploymentPostprocessing = 0;
		};
		2A3BD0B32DFA143C00131A30 /* Frameworks */ = {
			isa = PBXFrameworksBuildPhase;
			buildActionMask = 2147483647;
			files = (
			);
			runOnlyForDeploymentPostprocessing = 0;
		};
		2A3BD0BD2DFA143D00131A30 /* Frameworks */ = {
			isa = PBXFrameworksBuildPhase;
			buildActionMask = 2147483647;
			files = (
			);
			runOnlyForDeploymentPostprocessing = 0;
		};
/* End PBXFrameworksBuildPhase section */

/* Begin PBXGroup section */
		2A3BD09F2DFA143B00131A30 = {
			isa = PBXGroup;
			children = (
				2A3BD0AA2DFA143B00131A30 /* iPhoneVideoDownloader */,
				2A3BD0B92DFA143C00131A30 /* iPhoneVideoDownloaderTests */,
				2A3BD0C32DFA143D00131A30 /* iPhoneVideoDownloaderUITests */,
				2A3BD0A92DFA143B00131A30 /* Products */,
			);
			sourceTree = "<group>";
		};
		2A3BD0A92DFA143B00131A30 /* Products */ = {
			isa = PBXGroup;
			children = (
				2A3BD0A82DFA143B00131A30 /* iPhoneVideoDownloader.app */,
				2A3BD0B62DFA143C00131A30 /* iPhoneVideoDownloaderTests.xctest */,
				2A3BD0C02DFA143D00131A30 /* iPhoneVideoDownloaderUITests.xctest */,
			);
			name = Products;
			sourceTree = "<group>";
		};
/* End PBXGroup section */

/* Begin PBXNativeTarget section */
		2A3BD0A72DFA143B00131A30 /* iPhoneVideoDownloader */ = {
			isa = PBXNativeTarget;
			buildConfigurationList = 2A3BD0CA2DFA143D00131A30 /* Build configuration list for PBXNativeTarget "iPhoneVideoDownloader" */;
			buildPhases = (
				2A3BD0A42DFA143B00131A30 /* Sources */,
				2A3BD0A52DFA143B00131A30 /* Frameworks */,
				2A3BD0A62DFA143B00131A30 /* Resources */,
			);
			buildRules = (
			);
			dependencies = (
			);
			fileSystemSynchronizedGroups = (
				2A3BD0AA2DFA143B00131A30 /* iPhoneVideoDownloader */,
			);
			name = iPhoneVideoDownloader;
			packageProductDependencies = (
			);
			productName = iPhoneVideoDownloader;
			productReference = 2A3BD0A82DFA143B00131A30 /* iPhoneVideoDownloader.app */;
			productType = "com.apple.product-type.application";
		};
		2A3BD0B52DFA143C00131A30 /* iPhoneVideoDownloaderTests */ = {
			isa = PBXNativeTarget;
			buildConfigurationList = 2A3BD0CD2DFA143D00131A30 /* Build configuration list for PBXNativeTarget "iPhoneVideoDownloaderTests" */;
			buildPhases = (
				2A3BD0B22DFA143C00131A30 /* Sources */,
				2A3BD0B32DFA143C00131A30 /* Frameworks */,
				2A3BD0B42DFA143C00131A30 /* Resources */,
			);
			buildRules = (
			);
			dependencies = (
				2A3BD0B82DFA143C00131A30 /* PBXTargetDependency */,
			);
			fileSystemSynchronizedGroups = (
				2A3BD0B92DFA143C00131A30 /* iPhoneVideoDownloaderTests */,
			);
			name = iPhoneVideoDownloaderTests;
			packageProductDependencies = (
			);
			productName = iPhoneVideoDownloaderTests;
			productReference = 2A3BD0B62DFA143C00131A30 /* iPhoneVideoDownloaderTests.xctest */;
			productType = "com.apple.product-type.bundle.unit-test";
		};
		2A3BD0BF2DFA143D00131A30 /* iPhoneVideoDownloaderUITests */ = {
			isa = PBXNativeTarget;
			buildConfigurationList = 2A3BD0D02DFA143D00131A30 /* Build configuration list for PBXNativeTarget "iPhoneVideoDownloaderUITests" */;
			buildPhases = (
				2A3BD0BC2DFA143D00131A30 /* Sources */,
				2A3BD0BD2DFA143D00131A30 /* Frameworks */,
				2A3BD0BE2DFA143D00131A30 /* Resources */,
			);
			buildRules = (
			);
			dependencies = (
				2A3BD0C22DFA143D00131A30 /* PBXTargetDependency */,
			);
			fileSystemSynchronizedGroups = (
				2A3BD0C32DFA143D00131A30 /* iPhoneVideoDownloaderUITests */,
			);
			name = iPhoneVideoDownloaderUITests;
			packageProductDependencies = (
			);
			productName = iPhoneVideoDownloaderUITests;
			productReference = 2A3BD0C02DFA143D00131A30 /* iPhoneVideoDownloaderUITests.xctest */;
			productType = "com.apple.product-type.bundle.ui-testing";
		};
/* End PBXNativeTarget section */

/* Begin PBXProject section */
		2A3BD0A02DFA143B00131A30 /* Project object */ = {
			isa = PBXProject;
			attributes = {
				BuildIndependentTargetsInParallel = 1;
				LastSwiftUpdateCheck = 1640;
				LastUpgradeCheck = 1640;
				TargetAttributes = {
					2A3BD0A72DFA143B00131A30 = {
						CreatedOnToolsVersion = 16.4;
					};
					2A3BD0B52DFA143C00131A30 = {
						CreatedOnToolsVersion = 16.4;
						TestTargetID = 2A3BD0A72DFA143B00131A30;
					};
					2A3BD0BF2DFA143D00131A30 = {
						CreatedOnToolsVersion = 16.4;
						TestTargetID = 2A3BD0A72DFA143B00131A30;
					};
				};
			};
			buildConfigurationList = 2A3BD0A32DFA143B00131A30 /* Build configuration list for PBXProject "iPhoneVideoDownloader" */;
			developmentRegion = en;
			hasScannedForEncodings = 0;
			knownRegions = (
				en,
				Base,
			);
			mainGroup = 2A3BD09F2DFA143B00131A30;
			minimizedProjectReferenceProxies = 1;
			preferredProjectObjectVersion = 77;
			productRefGroup = 2A3BD0A92DFA143B00131A30 /* Products */;
			projectDirPath = "";
			projectRoot = "";
			targets = (
				2A3BD0A72DFA143B00131A30 /* iPhoneVideoDownloader */,
				2A3BD0B52DFA143C00131A30 /* iPhoneVideoDownloaderTests */,
				2A3BD0BF2DFA143D00131A30 /* iPhoneVideoDownloaderUITests */,
			);
		};
/* End PBXProject section */

/* Begin PBXResourcesBuildPhase section */
		2A3BD0A62DFA143B00131A30 /* Resources */ = {
			isa = PBXResourcesBuildPhase;
			buildActionMask = 2147483647;
			files = (
			);
			runOnlyForDeploymentPostprocessing = 0;
		};
		2A3BD0B42DFA143C00131A30 /* Resources */ = {
			isa = PBXResourcesBuildPhase;
			buildActionMask = 2147483647;
			files = (
			);
			runOnlyForDeploymentPostprocessing = 0;
		};
		2A3BD0BE2DFA143D00131A30 /* Resources */ = {
			isa = PBXResourcesBuildPhase;
			buildActionMask = 2147483647;
			files = (
			);
			runOnlyForDeploymentPostprocessing = 0;
		};
/* End PBXResourcesBuildPhase section */

/* Begin PBXSourcesBuildPhase section */
		2A3BD0A42DFA143B00131A30 /* Sources */ = {
			isa = PBXSourcesBuildPhase;
			buildActionMask = 2147483647;
			files = (
			);
			runOnlyForDeploymentPostprocessing = 0;
		};
		2A3BD0B22DFA143C00131A30 /* Sources */ = {
			isa = PBXSourcesBuildPhase;
			buildActionMask = 2147483647;
			files = (
			);
			runOnlyForDeploymentPostprocessing = 0;
		};
		2A3BD0BC2DFA143D00131A30 /* Sources */ = {
			isa = PBXSourcesBuildPhase;
			buildActionMask = 2147483647;
			files = (
			);
			runOnlyForDeploymentPostprocessing = 0;
		};
/* End PBXSourcesBuildPhase section */

/* Begin PBXTargetDependency section */
		2A3BD0B82DFA143C00131A30 /* PBXTargetDependency */ = {
			isa = PBXTargetDependency;
			target = 2A3BD0A72DFA143B00131A30 /* iPhoneVideoDownloader */;
			targetProxy = 2A3BD0B72DFA143C00131A30 /* PBXContainerItemProxy */;
		};
		2A3BD0C22DFA143D00131A30 /* PBXTargetDependency */ = {
			isa = PBXTargetDependency;
			target = 2A3BD0A72DFA143B00131A30 /* iPhoneVideoDownloader */;
			targetProxy = 2A3BD0C12DFA143D00131A30 /* PBXContainerItemProxy */;
		};
/* End PBXTargetDependency section */

/* Begin XCBuildConfiguration section */
		2A3BD0C82DFA143D00131A30 /* Debug */ = {
			isa = XCBuildConfiguration;
			buildSettings = {
				ALWAYS_SEARCH_USER_PATHS = NO;
				ASSETCATALOG_COMPILER_GENERATE_SWIFT_ASSET_SYMBOL_EXTENSIONS = YES;
				CLANG_ANALYZER_NONNULL = YES;
				CLANG_ANALYZER_NUMBER_OBJECT_CONVERSION = YES_AGGRESSIVE;
				CLANG_CXX_LANGUAGE_STANDARD = "gnu++20";
				CLANG_ENABLE_MODULES = YES;
				CLANG_ENABLE_OBJC_ARC = YES;
				CLANG_ENABLE_OBJC_WEAK = YES;
				CLANG_WARN_BLOCK_CAPTURE_AUTORELEASING = YES;
				CLANG_WARN_BOOL_CONVERSION = YES;
				CLANG_WARN_COMMA = YES;
				CLANG_WARN_CONSTANT_CONVERSION = YES;
				CLANG_WARN_DEPRECATED_OBJC_IMPLEMENTATIONS = YES;
				CLANG_WARN_DIRECT_OBJC_ISA_USAGE = YES_ERROR;
				CLANG_WARN_DOCUMENTATION_COMMENTS = YES;
				CLANG_WARN_EMPTY_BODY = YES;
				CLANG_WARN_ENUM_CONVERSION = YES;
				CLANG_WARN_INFINITE_RECURSION = YES;
				CLANG_WARN_INT_CONVERSION = YES;
				CLANG_WARN_NON_LITERAL_NULL_CONVERSION = YES;
				CLANG_WARN_OBJC_IMPLICIT_RETAIN_SELF = YES;
				CLANG_WARN_OBJC_LITERAL_CONVERSION = YES;
				CLANG_WARN_OBJC_ROOT_CLASS = YES_ERROR;
				CLANG_WARN_QUOTED_INCLUDE_IN_FRAMEWORK_HEADER = YES;
				CLANG_WARN_RANGE_LOOP_ANALYSIS = YES;
				CLANG_WARN_STRICT_PROTOTYPES = YES;
				CLANG_WARN_SUSPICIOUS_MOVE = YES;
				CLANG_WARN_UNGUARDED_AVAILABILITY = YES_AGGRESSIVE;
				CLANG_WARN_UNREACHABLE_CODE = YES;
				CLANG_WARN__DUPLICATE_METHOD_MATCH = YES;
				COPY_PHASE_STRIP = NO;
				DEBUG_INFORMATION_FORMAT = dwarf;
				DEVELOPMENT_TEAM = R2PMQU6T8K;
				ENABLE_STRICT_OBJC_MSGSEND = YES;
				ENABLE_TESTABILITY = YES;
				ENABLE_USER_SCRIPT_SANDBOXING = YES;
				GCC_C_LANGUAGE_STANDARD = gnu17;
				GCC_DYNAMIC_NO_PIC = NO;
				GCC_NO_COMMON_BLOCKS = YES;
				GCC_OPTIMIZATION_LEVEL = 0;
				GCC_PREPROCESSOR_DEFINITIONS = (
					"DEBUG=1",
					"$(inherited)",
				);
				GCC_WARN_64_TO_32_BIT_CONVERSION = YES;
				GCC_WARN_ABOUT_RETURN_TYPE = YES_ERROR;
				GCC_WARN_UNDECLARED_SELECTOR = YES;
				GCC_WARN_UNINITIALIZED_AUTOS = YES_AGGRESSIVE;
				GCC_WARN_UNUSED_FUNCTION = YES;
				GCC_WARN_UNUSED_VARIABLE = YES;
				LOCALIZATION_PREFERS_STRING_CATALOGS = YES;
				MTL_ENABLE_DEBUG_INFO = INCLUDE_SOURCE;
				MTL_FAST_MATH = YES;
				ONLY_ACTIVE_ARCH = YES;
				SWIFT_ACTIVE_COMPILATION_CONDITIONS = "DEBUG $(inherited)";
				SWIFT_OPTIMIZATION_LEVEL = "-Onone";
			};
			name = Debug;
		};
		2A3BD0C92DFA143D00131A30 /* Release */ = {
			isa = XCBuildConfiguration;
			buildSettings = {
				ALWAYS_SEARCH_USER_PATHS = NO;
				ASSETCATALOG_COMPILER_GENERATE_SWIFT_ASSET_SYMBOL_EXTENSIONS = YES;
				CLANG_ANALYZER_NONNULL = YES;
				CLANG_ANALYZER_NUMBER_OBJECT_CONVERSION = YES_AGGRESSIVE;
				CLANG_CXX_LANGUAGE_STANDARD = "gnu++20";
				CLANG_ENABLE_MODULES = YES;
				CLANG_ENABLE_OBJC_ARC = YES;
				CLANG_ENABLE_OBJC_WEAK = YES;
				CLANG_WARN_BLOCK_CAPTURE_AUTORELEASING = YES;
				CLANG_WARN_BOOL_CONVERSION = YES;
				CLANG_WARN_COMMA = YES;
				CLANG_WARN_CONSTANT_CONVERSION = YES;
				CLANG_WARN_DEPRECATED_OBJC_IMPLEMENTATIONS = YES;
				CLANG_WARN_DIRECT_OBJC_ISA_USAGE = YES_ERROR;
				CLANG_WARN_DOCUMENTATION_COMMENTS = YES;
				CLANG_WARN_EMPTY_BODY = YES;
				CLANG_WARN_ENUM_CONVERSION = YES;
				CLANG_WARN_INFINITE_RECURSION = YES;
				CLANG_WARN_INT_CONVERSION = YES;
				CLANG_WARN_NON_LITERAL_NULL_CONVERSION = YES;
				CLANG_WARN_OBJC_IMPLICIT_RETAIN_SELF = YES;
				CLANG_WARN_OBJC_LITERAL_CONVERSION = YES;
				CLANG_WARN_OBJC_ROOT_CLASS = YES_ERROR;
				CLANG_WARN_QUOTED_INCLUDE_IN_FRAMEWORK_HEADER = YES;
				CLANG_WARN_RANGE_LOOP_ANALYSIS = YES;
				CLANG_WARN_STRICT_PROTOTYPES = YES;
				CLANG_WARN_SUSPICIOUS_MOVE = YES;
				CLANG_WARN_UNGUARDED_AVAILABILITY = YES_AGGRESSIVE;
				CLANG_WARN_UNREACHABLE_CODE = YES;
				CLANG_WARN__DUPLICATE_METHOD_MATCH = YES;
				COPY_PHASE_STRIP = NO;
				DEBUG_INFORMATION_FORMAT = "dwarf-with-dsym";
				DEVELOPMENT_TEAM = R2PMQU6T8K;
				ENABLE_NS_ASSERTIONS = NO;
				ENABLE_STRICT_OBJC_MSGSEND = YES;
				ENABLE_USER_SCRIPT_SANDBOXING = YES;
				GCC_C_LANGUAGE_STANDARD = gnu17;
				GCC_NO_COMMON_BLOCKS = YES;
				GCC_WARN_64_TO_32_BIT_CONVERSION = YES;
				GCC_WARN_ABOUT_RETURN_TYPE = YES_ERROR;
				GCC_WARN_UNDECLARED_SELECTOR = YES;
				GCC_WARN_UNINITIALIZED_AUTOS = YES_AGGRESSIVE;
				GCC_WARN_UNUSED_FUNCTION = YES;
				GCC_WARN_UNUSED_VARIABLE = YES;
				LOCALIZATION_PREFERS_STRING_CATALOGS = YES;
				MTL_ENABLE_DEBUG_INFO = NO;
				MTL_FAST_MATH = YES;
				SWIFT_COMPILATION_MODE = wholemodule;
			};
			name = Release;
		};
		2A3BD0CB2DFA143D00131A30 /* Debug */ = {
			isa = XCBuildConfiguration;
			buildSettings = {
				ASSETCATALOG_COMPILER_APPICON_NAME = AppIcon;
				ASSETCATALOG_COMPILER_GLOBAL_ACCENT_COLOR_NAME = AccentColor;
				CODE_SIGN_ENTITLEMENTS = iPhoneVideoDownloader/iPhoneVideoDownloader.entitlements;
				CODE_SIGN_STYLE = Automatic;
				CURRENT_PROJECT_VERSION = 1;
				DEVELOPMENT_TEAM = R2PMQU6T8K;
				ENABLE_HARDENED_RUNTIME = YES;
				ENABLE_PREVIEWS = YES;
				GENERATE_INFOPLIST_FILE = YES;
				"INFOPLIST_KEY_UIApplicationSceneManifest_Generation[sdk=iphoneos*]" = YES;
				"INFOPLIST_KEY_UIApplicationSceneManifest_Generation[sdk=iphonesimulator*]" = YES;
				"INFOPLIST_KEY_UIApplicationSupportsIndirectInputEvents[sdk=iphoneos*]" = YES;
				"INFOPLIST_KEY_UIApplicationSupportsIndirectInputEvents[sdk=iphonesimulator*]" = YES;
				"INFOPLIST_KEY_UILaunchScreen_Generation[sdk=iphoneos*]" = YES;
				"INFOPLIST_KEY_UILaunchScreen_Generation[sdk=iphonesimulator*]" = YES;
				"INFOPLIST_KEY_UIStatusBarStyle[sdk=iphoneos*]" = UIStatusBarStyleDefault;
				"INFOPLIST_KEY_UIStatusBarStyle[sdk=iphonesimulator*]" = UIStatusBarStyleDefault;
				INFOPLIST_KEY_UISupportedInterfaceOrientations_iPad = "UIInterfaceOrientationPortrait UIInterfaceOrientationPortraitUpsideDown UIInterfaceOrientationLandscapeLeft UIInterfaceOrientationLandscapeRight";
				INFOPLIST_KEY_UISupportedInterfaceOrientations_iPhone = "UIInterfaceOrientationPortrait UIInterfaceOrientationLandscapeLeft UIInterfaceOrientationLandscapeRight";
				IPHONEOS_DEPLOYMENT_TARGET = 18.5;
				LD_RUNPATH_SEARCH_PATHS = "@executable_path/Frameworks";
				"LD_RUNPATH_SEARCH_PATHS[sdk=macosx*]" = "@executable_path/../Frameworks";
				MACOSX_DEPLOYMENT_TARGET = 15.5;
				MARKETING_VERSION = 1.0;
				PRODUCT_BUNDLE_IDENTIFIER = "sprint-studio.iPhoneVideoDownloader";
				PRODUCT_NAME = "$(TARGET_NAME)";
				REGISTER_APP_GROUPS = YES;
				SDKROOT = auto;
				SUPPORTED_PLATFORMS = "iphoneos iphonesimulator macosx xros xrsimulator";
				SWIFT_EMIT_LOC_STRINGS = YES;
				SWIFT_VERSION = 5.0;
				TARGETED_DEVICE_FAMILY = "1,2,7";
				XROS_DEPLOYMENT_TARGET = 2.5;
			};
			name = Debug;
		};
		2A3BD0CC2DFA143D00131A30 /* Release */ = {
			isa = XCBuildConfiguration;
			buildSettings = {
				ASSETCATALOG_COMPILER_APPICON_NAME = AppIcon;
				ASSETCATALOG_COMPILER_GLOBAL_ACCENT_COLOR_NAME = AccentColor;
				CODE_SIGN_ENTITLEMENTS = iPhoneVideoDownloader/iPhoneVideoDownloader.entitlements;
				CODE_SIGN_STYLE = Automatic;
				CURRENT_PROJECT_VERSION = 1;
				DEVELOPMENT_TEAM = R2PMQU6T8K;
				ENABLE_HARDENED_RUNTIME = YES;
				ENABLE_PREVIEWS = YES;
				GENERATE_INFOPLIST_FILE = YES;
				"INFOPLIST_KEY_UIApplicationSceneManifest_Generation[sdk=iphoneos*]" = YES;
				"INFOPLIST_KEY_UIApplicationSceneManifest_Generation[sdk=iphonesimulator*]" = YES;
				"INFOPLIST_KEY_UIApplicationSupportsIndirectInputEvents[sdk=iphoneos*]" = YES;
				"INFOPLIST_KEY_UIApplicationSupportsIndirectInputEvents[sdk=iphonesimulator*]" = YES;
				"INFOPLIST_KEY_UILaunchScreen_Generation[sdk=iphoneos*]" = YES;
				"INFOPLIST_KEY_UILaunchScreen_Generation[sdk=iphonesimulator*]" = YES;
				"INFOPLIST_KEY_UIStatusBarStyle[sdk=iphoneos*]" = UIStatusBarStyleDefault;
				"INFOPLIST_KEY_UIStatusBarStyle[sdk=iphonesimulator*]" = UIStatusBarStyleDefault;
				INFOPLIST_KEY_UISupportedInterfaceOrientations_iPad = "UIInterfaceOrientationPortrait UIInterfaceOrientationPortraitUpsideDown UIInterfaceOrientationLandscapeLeft UIInterfaceOrientationLandscapeRight";
				INFOPLIST_KEY_UISupportedInterfaceOrientations_iPhone = "UIInterfaceOrientationPortrait UIInterfaceOrientationLandscapeLeft UIInterfaceOrientationLandscapeRight";
				IPHONEOS_DEPLOYMENT_TARGET = 18.5;
				LD_RUNPATH_SEARCH_PATHS = "@executable_path/Frameworks";
				"LD_RUNPATH_SEARCH_PATHS[sdk=macosx*]" = "@executable_path/../Frameworks";
				MACOSX_DEPLOYMENT_TARGET = 15.5;
				MARKETING_VERSION = 1.0;
				PRODUCT_BUNDLE_IDENTIFIER = "sprint-studio.iPhoneVideoDownloader";
				PRODUCT_NAME = "$(TARGET_NAME)";
				REGISTER_APP_GROUPS = YES;
				SDKROOT = auto;
				SUPPORTED_PLATFORMS = "iphoneos iphonesimulator macosx xros xrsimulator";
				SWIFT_EMIT_LOC_STRINGS = YES;
				SWIFT_VERSION = 5.0;
				TARGETED_DEVICE_FAMILY = "1,2,7";
				XROS_DEPLOYMENT_TARGET = 2.5;
			};
			name = Release;
		};
		2A3BD0CE2DFA143D00131A30 /* Debug */ = {
			isa = XCBuildConfiguration;
			buildSettings = {
				BUNDLE_LOADER = "$(TEST_HOST)";
				CODE_SIGN_STYLE = Automatic;
				CURRENT_PROJECT_VERSION = 1;
				DEVELOPMENT_TEAM = R2PMQU6T8K;
				GENERATE_INFOPLIST_FILE = YES;
				IPHONEOS_DEPLOYMENT_TARGET = 18.5;
				MACOSX_DEPLOYMENT_TARGET = 15.5;
				MARKETING_VERSION = 1.0;
				PRODUCT_BUNDLE_IDENTIFIER = "sprint-studio.iPhoneVideoDownloaderTests";
				PRODUCT_NAME = "$(TARGET_NAME)";
				SDKROOT = auto;
				SUPPORTED_PLATFORMS = "iphoneos iphonesimulator macosx xros xrsimulator";
				SWIFT_EMIT_LOC_STRINGS = NO;
				SWIFT_VERSION = 5.0;
				TARGETED_DEVICE_FAMILY = "1,2,7";
				TEST_HOST = "$(BUILT_PRODUCTS_DIR)/iPhoneVideoDownloader.app/$(BUNDLE_EXECUTABLE_FOLDER_PATH)/iPhoneVideoDownloader";
				XROS_DEPLOYMENT_TARGET = 2.5;
			};
			name = Debug;
		};
		2A3BD0CF2DFA143D00131A30 /* Release */ = {
			isa = XCBuildConfiguration;
			buildSettings = {
				BUNDLE_LOADER = "$(TEST_HOST)";
				CODE_SIGN_STYLE = Automatic;
				CURRENT_PROJECT_VERSION = 1;
				DEVELOPMENT_TEAM = R2PMQU6T8K;
				GENERATE_INFOPLIST_FILE = YES;
				IPHONEOS_DEPLOYMENT_TARGET = 18.5;
				MACOSX_DEPLOYMENT_TARGET = 15.5;
				MARKETING_VERSION = 1.0;
				PRODUCT_BUNDLE_IDENTIFIER = "sprint-studio.iPhoneVideoDownloaderTests";
				PRODUCT_NAME = "$(TARGET_NAME)";
				SDKROOT = auto;
				SUPPORTED_PLATFORMS = "iphoneos iphonesimulator macosx xros xrsimulator";
				SWIFT_EMIT_LOC_STRINGS = NO;
				SWIFT_VERSION = 5.0;
				TARGETED_DEVICE_FAMILY = "1,2,7";
				TEST_HOST = "$(BUILT_PRODUCTS_DIR)/iPhoneVideoDownloader.app/$(BUNDLE_EXECUTABLE_FOLDER_PATH)/iPhoneVideoDownloader";
				XROS_DEPLOYMENT_TARGET = 2.5;
			};
			name = Release;
		};
		2A3BD0D12DFA143D00131A30 /* Debug */ = {
			isa = XCBuildConfiguration;
			buildSettings = {
				CODE_SIGN_STYLE = Automatic;
				CURRENT_PROJECT_VERSION = 1;
				DEVELOPMENT_TEAM = R2PMQU6T8K;
				GENERATE_INFOPLIST_FILE = YES;
				IPHONEOS_DEPLOYMENT_TARGET = 18.5;
				MACOSX_DEPLOYMENT_TARGET = 15.5;
				MARKETING_VERSION = 1.0;
				PRODUCT_BUNDLE_IDENTIFIER = "sprint-studio.iPhoneVideoDownloaderUITests";
				PRODUCT_NAME = "$(TARGET_NAME)";
				SDKROOT = auto;
				SUPPORTED_PLATFORMS = "iphoneos iphonesimulator macosx xros xrsimulator";
				SWIFT_EMIT_LOC_STRINGS = NO;
				SWIFT_VERSION = 5.0;
				TARGETED_DEVICE_FAMILY = "1,2,7";
				TEST_TARGET_NAME = iPhoneVideoDownloader;
				XROS_DEPLOYMENT_TARGET = 2.5;
			};
			name = Debug;
		};
		2A3BD0D22DFA143D00131A30 /* Release */ = {
			isa = XCBuildConfiguration;
			buildSettings = {
				CODE_SIGN_STYLE = Automatic;
				CURRENT_PROJECT_VERSION = 1;
				DEVELOPMENT_TEAM = R2PMQU6T8K;
				GENERATE_INFOPLIST_FILE = YES;
				IPHONEOS_DEPLOYMENT_TARGET = 18.5;
				MACOSX_DEPLOYMENT_TARGET = 15.5;
				MARKETING_VERSION = 1.0;
				PRODUCT_BUNDLE_IDENTIFIER = "sprint-studio.iPhoneVideoDownloaderUITests";
				PRODUCT_NAME = "$(TARGET_NAME)";
				SDKROOT = auto;
				SUPPORTED_PLATFORMS = "iphoneos iphonesimulator macosx xros xrsimulator";
				SWIFT_EMIT_LOC_STRINGS = NO;
				SWIFT_VERSION = 5.0;
				TARGETED_DEVICE_FAMILY = "1,2,7";
				TEST_TARGET_NAME = iPhoneVideoDownloader;
				XROS_DEPLOYMENT_TARGET = 2.5;
			};
			name = Release;
		};
/* End XCBuildConfiguration section */

/* Begin XCConfigurationList section */
		2A3BD0A32DFA143B00131A30 /* Build configuration list for PBXProject "iPhoneVideoDownloader" */ = {
			isa = XCConfigurationList;
			buildConfigurations = (
				2A3BD0C82DFA143D00131A30 /* Debug */,
				2A3BD0C92DFA143D00131A30 /* Release */,
			);
			defaultConfigurationIsVisible = 0;
			defaultConfigurationName = Release;
		};
		2A3BD0CA2DFA143D00131A30 /* Build configuration list for PBXNativeTarget "iPhoneVideoDownloader" */ = {
			isa = XCConfigurationList;
			buildConfigurations = (
				2A3BD0CB2DFA143D00131A30 /* Debug */,
				2A3BD0CC2DFA143D00131A30 /* Release */,
			);
			defaultConfigurationIsVisible = 0;
			defaultConfigurationName = Release;
		};
		2A3BD0CD2DFA143D00131A30 /* Build configuration list for PBXNativeTarget "iPhoneVideoDownloaderTests" */ = {
			isa = XCConfigurationList;
			buildConfigurations = (
				2A3BD0CE2DFA143D00131A30 /* Debug */,
				2A3BD0CF2DFA143D00131A30 /* Release */,
			);
			defaultConfigurationIsVisible = 0;
			defaultConfigurationName = Release;
		};
		2A3BD0D02DFA143D00131A30 /* Build configuration list for PBXNativeTarget "iPhoneVideoDownloaderUITests" */ = {
			isa = XCConfigurationList;
			buildConfigurations = (
				2A3BD0D12DFA143D00131A30 /* Debug */,
				2A3BD0D22DFA143D00131A30 /* Release */,
			);
			defaultConfigurationIsVisible = 0;
			defaultConfigurationName = Release;
		};
/* End XCConfigurationList section */
	};
	rootObject = 2A3BD0A02DFA143B00131A30 /* Project object */;
}
